
Microsoft Visual Studio Solution File, Format Version 12.00
Project("{FAE04EC0-301F-11D3-BF4B-00C04F79EFBC}") = "LR1_AI_cs", "LR1_AI_cs\LR1_AI_cs.csproj", "{03FB7EAE-496E-4E68-9B0F-1B0E212031B3}"
EndProject
Global
	GlobalSection(SolutionConfigurationPlatforms) = preSolution
		Debug|Any CPU = Debug|Any CPU
		Release|Any CPU = Release|Any CPU
	EndGlobalSection
	GlobalSection(ProjectConfigurationPlatforms) = postSolution
		{03FB7EAE-496E-4E68-9B0F-1B0E212031B3}.Debug|Any CPU.ActiveCfg = Debug|Any CPU
		{03FB7EAE-496E-4E68-9B0F-1B0E212031B3}.Debug|Any CPU.Build.0 = Debug|Any CPU
		{03FB7EAE-496E-4E68-9B0F-1B0E212031B3}.Release|Any CPU.ActiveCfg = Release|Any CPU
		{03FB7EAE-496E-4E68-9B0F-1B0E212031B3}.Release|Any CPU.Build.0 = Release|Any CPU
	EndGlobalSection
EndGlobal
